
Microsoft Visual Studio Solution File, Format Version 12.00
# Visual Studio Version 17
VisualStudioVersion = 17.0.31903.59
MinimumVisualStudioVersion = 10.0.40219.1
Project("{9A19103F-16F7-4668-BE54-9A1E7A4F7556}") = "Slack.App", "Slack.App\Slack.App.csproj", "{F8676922-93FC-4161-A493-C1FC46D9F075}"
EndProject
Project("{2150E333-8FDC-42A3-9474-1A3956D46DE8}") = "Solution Items", "Solution Items", "{734507FA-C5B9-4E86-A15B-B050BB067EEB}"
	ProjectSection(SolutionItems) = preProject
		readme.md = readme.md
	EndProjectSection
EndProject
Global
	GlobalSection(SolutionConfigurationPlatforms) = preSolution
		Debug|Any CPU = Debug|Any CPU
		Release|Any CPU = Release|Any CPU
	EndGlobalSection
	GlobalSection(ProjectConfigurationPlatforms) = postSolution
		{F8676922-93FC-4161-A493-C1FC46D9F075}.Debug|Any CPU.ActiveCfg = Debug|Any CPU
		{F8676922-93FC-4161-A493-C1FC46D9F075}.Debug|Any CPU.Build.0 = Debug|Any CPU
		{F8676922-93FC-4161-A493-C1FC46D9F075}.Release|Any CPU.ActiveCfg = Release|Any CPU
		{F8676922-93FC-4161-A493-C1FC46D9F075}.Release|Any CPU.Build.0 = Release|Any CPU
	EndGlobalSection
	GlobalSection(SolutionProperties) = preSolution
		HideSolutionNode = FALSE
	EndGlobalSection
	GlobalSection(ExtensibilityGlobals) = postSolution
		SolutionGuid = {D2F5D3EE-27F7-407B-BA9C-8E4C5D756A5D}
	EndGlobalSection
EndGlobal
